Microsoft Visual Studio Solution File, Format Version 12.00
# Visual Studio 2012
Project("{FAE04EC0-301F-11D3-BF4B-00C04F79EFBC}") = "Capstone", "Capstone.csproj", "{3DDFE230-A567-4B98-8DF7-CAB70F6CF94C}"
EndProject
Global
	GlobalSection(SolutionConfigurationPlatforms) = preSolution
	Debug|Any CPU = Debug|Any CPU
	ExportDebug|Any CPU = ExportDebug|Any CPU
	ExportRelease|Any CPU = ExportRelease|Any CPU
	EndGlobalSection
	GlobalSection(ProjectConfigurationPlatforms) = postSolution
		{3DDFE230-A567-4B98-8DF7-CAB70F6CF94C}.Debug|Any CPU.ActiveCfg = Debug|Any CPU
		{3DDFE230-A567-4B98-8DF7-CAB70F6CF94C}.Debug|Any CPU.Build.0 = Debug|Any CPU
		{3DDFE230-A567-4B98-8DF7-CAB70F6CF94C}.ExportDebug|Any CPU.ActiveCfg = ExportDebug|Any CPU
		{3DDFE230-A567-4B98-8DF7-CAB70F6CF94C}.ExportDebug|Any CPU.Build.0 = ExportDebug|Any CPU
		{3DDFE230-A567-4B98-8DF7-CAB70F6CF94C}.ExportRelease|Any CPU.ActiveCfg = ExportRelease|Any CPU
		{3DDFE230-A567-4B98-8DF7-CAB70F6CF94C}.ExportRelease|Any CPU.Build.0 = ExportRelease|Any CPU
	EndGlobalSection
EndGlobal
